{
  "originHash" : "",
  "pins" : [
    {
      "identity" : "keyboardkit",
      "kind" : "remoteSourceControl",
      "location" : "https://github.com/KeyboardKit/KeyboardKit.git",
      "state" : {
        "revision" : "3ea6e3462c9b52f8acb4933d7ccc832a6728f5b6",
        "version" : "10.5.1"
      }
    }
  ],
  "version" : 3
}
